
Microsoft Visual Studio Solution File, Format Version 12.00
# Visual Studio Version 17
VisualStudioVersion = 17.9.34728.123
MinimumVisualStudioVersion = 10.0.40219.1
Project("{FAE04EC0-301F-11D3-BF4B-00C04F79EFBC}") = "Clima", "Clima.csproj", "{5B551041-726C-4BD1-8C4C-D570D453239F}"
EndProject
Project("{FAE04EC0-301F-11D3-BF4B-00C04F79EFBC}") = "ConversaoTest", "..\ConversaoTest\ConversaoTest.csproj", "{5B0E4E4F-DC84-4E55-AB84-FF77F5E265C6}"
EndProject
Global
	GlobalSection(SolutionConfigurationPlatforms) = preSolution
		Debug|Any CPU = Debug|Any CPU
		Release|Any CPU = Release|Any CPU
	EndGlobalSection
	GlobalSection(ProjectConfigurationPlatforms) = postSolution
		{5B551041-726C-4BD1-8C4C-D570D453239F}.Debug|Any CPU.ActiveCfg = Debug|Any CPU
		{5B551041-726C-4BD1-8C4C-D570D453239F}.Debug|Any CPU.Build.0 = Debug|Any CPU
		{5B551041-726C-4BD1-8C4C-D570D453239F}.Release|Any CPU.ActiveCfg = Release|Any CPU
		{5B551041-726C-4BD1-8C4C-D570D453239F}.Release|Any CPU.Build.0 = Release|Any CPU
		{5B0E4E4F-DC84-4E55-AB84-FF77F5E265C6}.Debug|Any CPU.ActiveCfg = Debug|Any CPU
		{5B0E4E4F-DC84-4E55-AB84-FF77F5E265C6}.Debug|Any CPU.Build.0 = Debug|Any CPU
		{5B0E4E4F-DC84-4E55-AB84-FF77F5E265C6}.Release|Any CPU.ActiveCfg = Release|Any CPU
		{5B0E4E4F-DC84-4E55-AB84-FF77F5E265C6}.Release|Any CPU.Build.0 = Release|Any CPU
	EndGlobalSection
	GlobalSection(SolutionProperties) = preSolution
		HideSolutionNode = FALSE
	EndGlobalSection
	GlobalSection(ExtensibilityGlobals) = postSolution
		SolutionGuid = {3067A064-E42E-4ACF-B917-64B36F15A247}
	EndGlobalSection
EndGlobal
